<?xml version="1.0" encoding="utf-8"?>
<Project ToolsVersion="4.0" xmlns="http://schemas.microsoft.com/developer/msbuild/2003">
  <ItemGroup>
    <Filter Include="Source Files">
      <UniqueIdentifier>{4FC737F1-C7A5-4376-A066-2A32D752A2FF}</UniqueIdentifier>
      <Extensions>cpp;c;cc;cxx;c++;cppm;ixx;def;odl;idl;hpj;bat;asm;asmx</Extensions>
    </Filter>
    <Filter Include="Header Files">
      <UniqueIdentifier>{93995380-89BD-4b04-88EB-625FBE52EBFB}</UniqueIdentifier>
      <Extensions>h;hh;hpp;hxx;h++;hm;inl;inc;ipp;xsd</Extensions>
    </Filter>
    <Filter Include="Resource Files">
      <UniqueIdentifier>{67DA6AB6-F800-4c08-8B7A-83BB121AAD01}</UniqueIdentifier>
      <Extensions>rc;ico;cur;bmp;dlg;rc2;rct;bin;rgs;gif;jpg;jpeg;jpe;resx;tiff;tif;png;wav;mfcribbon-ms</Extensions>
    </Filter>
  </ItemGroup>
  <ItemGroup>
    <ClCompile Include="Learning2DEngine\Render\RenderManager.cpp">
      <Filter>Source Files</Filter>
    </ClCompile>
    <ClCompile Include="Learning2DEngine\Render\Shader.cpp">
      <Filter>Source Files</Filter>
    </ClCompile>
    <ClCompile Include="Learning2DEngine\Render\Texture2D.cpp">
      <Filter>Source Files</Filter>
    </ClCompile>
    <ClCompile Include="Learning2DEngine\System\ResourceManager.cpp">
      <Filter>Source Files</Filter>
    </ClCompile>
    <ClCompile Include="Plugins\glad.c">
      <Filter>Source Files</Filter>
    </ClCompile>
    <ClCompile Include="Learning2DEngine\System\Game.cpp">
      <Filter>Source Files</Filter>
    </ClCompile>
    <ClCompile Include="Learning2DEngine\System\Random.cpp">
      <Filter>Source Files</Filter>
    </ClCompile>
    <ClCompile Include="Learning2DEngine\Render\ShaderConstant.cpp">
      <Filter>Source Files</Filter>
    </ClCompile>
    <ClCompile Include="Learning2DEngine\Render\MSAA.cpp">
      <Filter>Source Files</Filter>
    </ClCompile>
    <ClCompile Include="Learning2DEngine\Render\PostProcessEffect.cpp">
      <Filter>Source Files</Filter>
    </ClCompile>
    <ClCompile Include="Learning2DEngine\Physics\CollisionHelper.cpp">
      <Filter>Source Files</Filter>
    </ClCompile>
    <ClCompile Include="Learning2DEngine\System\Camera.cpp">
      <Filter>Source Files</Filter>
    </ClCompile>
    <ClCompile Include="Learning2DEngine\UI\TextCharacterSet.cpp">
      <Filter>Source Files</Filter>
    </ClCompile>
    <ClCompile Include="Learning2DEngine\Physics\ColliderComponentHandler.cpp">
      <Filter>Source Files</Filter>
    </ClCompile>
    <ClCompile Include="Learning2DEngine\Object\FpsShower.cpp">
      <Filter>Source Files</Filter>
    </ClCompile>
    <ClCompile Include="Learning2DEngine\Render\RendererComponentHandler.cpp">
      <Filter>Source Files</Filter>
    </ClCompile>
    <ClCompile Include="Learning2DEngine\Render\MultiSpriteRenderer.cpp">
      <Filter>Source Files</Filter>
    </ClCompile>
    <ClCompile Include="Learning2DEngine\Render\SpriteRenderComponent.cpp">
      <Filter>Source Files</Filter>
    </ClCompile>
    <ClCompile Include="Learning2DEngine\UI\MultiText2DRenderer.cpp">
      <Filter>Source Files</Filter>
    </ClCompile>
    <ClCompile Include="Learning2DEngine\UI\Text2DRenderComponent.cpp">
      <Filter>Source Files</Filter>
    </ClCompile>
    <ClCompile Include="Learning2DEngine\ParticleSimulator\ParticleRenderer.cpp">
      <Filter>Source Files</Filter>
    </ClCompile>
    <ClCompile Include="Learning2DEngine\ParticleSimulator\ParticleSystemComponent.cpp">
      <Filter>Source Files</Filter>
    </ClCompile>
    <ClCompile Include="Learning2DEngine\Render\SimpleSpriteRenderer.cpp">
      <Filter>Source Files</Filter>
    </ClCompile>
    <ClCompile Include="Learning2DEngine\Render\SimpleSpriteRenderComponent.cpp">
      <Filter>Source Files</Filter>
    </ClCompile>
    <ClCompile Include="Learning2DEngine\UI\SimpleText2DRenderer.cpp">
      <Filter>Source Files</Filter>
    </ClCompile>
    <ClCompile Include="Learning2DEngine\UI\SimpleText2DRenderComponent.cpp">
      <Filter>Source Files</Filter>
    </ClCompile>
    <ClCompile Include="Learning2DEngine\Physics\Rigidbody.cpp">
      <Filter>Source Files</Filter>
    </ClCompile>
    <ClCompile Include="Learning2DEngine\DebugTool\DebugBoxColliderRenderer.cpp">
      <Filter>Source Files</Filter>
    </ClCompile>
    <ClCompile Include="Learning2DEngine\DebugTool\DebugBoxColliderRenderComponent.cpp">
      <Filter>Source Files</Filter>
    </ClCompile>
    <ClCompile Include="Learning2DEngine\DebugTool\DebugCircleColliderRenderer.cpp">
      <Filter>Source Files</Filter>
    </ClCompile>
    <ClCompile Include="Learning2DEngine\DebugTool\DebugCircleColliderRenderComponent.cpp">
      <Filter>Source Files</Filter>
    </ClCompile>
    <ClCompile Include="Learning2DEngine\Animator\AnimationController.cpp">
      <Filter>Source Files</Filter>
    </ClCompile>
    <ClCompile Include="Learning2DEngine\System\Time.cpp">
      <Filter>Source Files</Filter>
    </ClCompile>
    <ClCompile Include="Learning2DEngine\System\GameObjectManager.cpp">
      <Filter>Source Files</Filter>
    </ClCompile>
    <ClCompile Include="Learning2DEngine\UI\Text2DRenderData.cpp">
      <Filter>Source Files</Filter>
    </ClCompile>
    <ClCompile Include="Learning2DEngine\UI\TextBoxComponent.cpp">
      <Filter>Source Files</Filter>
    </ClCompile>
    <ClCompile Include="Learning2DEngine\DebugTool\DebugPosition.cpp">
      <Filter>Source Files</Filter>
    </ClCompile>
    <ClCompile Include="Learning2DEngine\Editor\TiledMapLoader.cpp">
      <Filter>Source Files</Filter>
    </ClCompile>
  </ItemGroup>
  <ItemGroup>
    <ClInclude Include="Learning2DEngine\Render\RenderManager.h">
      <Filter>Header Files</Filter>
    </ClInclude>
    <ClInclude Include="Learning2DEngine\System\Singleton.h">
      <Filter>Header Files</Filter>
    </ClInclude>
    <ClInclude Include="Learning2DEngine\Render\Shader.h">
      <Filter>Header Files</Filter>
    </ClInclude>
    <ClInclude Include="Learning2DEngine\Render\Texture2D.h">
      <Filter>Header Files</Filter>
    </ClInclude>
    <ClInclude Include="Learning2DEngine\System\ResourceManager.h">
      <Filter>Header Files</Filter>
    </ClInclude>
    <ClInclude Include="Learning2DEngine\UI\FreeTypeCharacter.h">
      <Filter>Header Files</Filter>
    </ClInclude>
    <ClInclude Include="Learning2DEngine\System\Game.h">
      <Filter>Header Files</Filter>
    </ClInclude>
    <ClInclude Include="Learning2DEngine\System\InputStatus.h">
      <Filter>Header Files</Filter>
    </ClInclude>
    <ClInclude Include="Learning2DEngine\Render\Resolution.h">
      <Filter>Header Files</Filter>
    </ClInclude>
    <ClInclude Include="Learning2DEngine\DebugTool\Log.h">
      <Filter>Header Files</Filter>
    </ClInclude>
    <ClInclude Include="Learning2DEngine\System\Random.h">
      <Filter>Header Files</Filter>
    </ClInclude>
    <ClInclude Include="Learning2DEngine\System\Transform.h">
      <Filter>Header Files</Filter>
    </ClInclude>
    <ClInclude Include="Learning2DEngine\Render\Texture2DSettings.h">
      <Filter>Header Files</Filter>
    </ClInclude>
    <ClInclude Include="Learning2DEngine\System\GameObject.h">
      <Filter>Header Files</Filter>
    </ClInclude>
    <ClInclude Include="Learning2DEngine\System\Component.h">
      <Filter>Header Files</Filter>
    </ClInclude>
    <ClInclude Include="Learning2DEngine\ParticleSimulator\Particle.h">
      <Filter>Header Files</Filter>
    </ClInclude>
    <ClInclude Include="Learning2DEngine\Render\Blend.h">
      <Filter>Header Files</Filter>
    </ClInclude>
    <ClInclude Include="Learning2DEngine\ParticleSimulator\ParticleSettings.h">
      <Filter>Header Files</Filter>
    </ClInclude>
    <ClInclude Include="Learning2DEngine\ParticleSimulator\ParticleSystemSettings.h">
      <Filter>Header Files</Filter>
    </ClInclude>
    <ClInclude Include="Learning2DEngine\ParticleSimulator\BasicParticleSettings.h">
      <Filter>Header Files</Filter>
    </ClInclude>
    <ClInclude Include="Learning2DEngine\Render\ShaderConstant.h">
      <Filter>Header Files</Filter>
    </ClInclude>
    <ClInclude Include="Learning2DEngine\Render\MSAA.h">
      <Filter>Header Files</Filter>
    </ClInclude>
    <ClInclude Include="Learning2DEngine\Render\PostProcessEffect.h">
      <Filter>Header Files</Filter>
    </ClInclude>
    <ClInclude Include="Learning2DEngine\Physics\Rigidbody.h">
      <Filter>Header Files</Filter>
    </ClInclude>
    <ClInclude Include="Learning2DEngine\Physics\CollisionHelper.h">
      <Filter>Header Files</Filter>
    </ClInclude>
    <ClInclude Include="Learning2DEngine\Physics\CollisionData.h">
      <Filter>Header Files</Filter>
    </ClInclude>
    <ClInclude Include="Learning2DEngine\EventSystem\EventHandler.h">
      <Filter>Header Files</Filter>
    </ClInclude>
    <ClInclude Include="Learning2DEngine\EventSystem\EventItem.h">
      <Filter>Header Files</Filter>
    </ClInclude>
    <ClInclude Include="Learning2DEngine\EventSystem\KeyboardEventItem.h">
      <Filter>Header Files</Filter>
    </ClInclude>
    <ClInclude Include="Learning2DEngine\System\IKeyboardRefresher.h">
      <Filter>Header Files</Filter>
    </ClInclude>
    <ClInclude Include="Learning2DEngine\Render\IResolutionRefresher.h">
      <Filter>Header Files</Filter>
    </ClInclude>
    <ClInclude Include="Learning2DEngine\EventSystem\ResolutionEventItem.h">
      <Filter>Header Files</Filter>
    </ClInclude>
    <ClInclude Include="Learning2DEngine\System\Camera.h">
      <Filter>Header Files</Filter>
    </ClInclude>
    <ClInclude Include="Learning2DEngine\System\ComponentManager.h">
      <Filter>Header Files</Filter>
    </ClInclude>
    <ClInclude Include="Learning2DEngine\System\BaseUpdaterComponent.h">
      <Filter>Header Files</Filter>
    </ClInclude>
    <ClInclude Include="Learning2DEngine\System\UpdaterComponent.h">
      <Filter>Header Files</Filter>
    </ClInclude>
    <ClInclude Include="Learning2DEngine\UI\TextCharacterSet.h">
      <Filter>Header Files</Filter>
    </ClInclude>
    <ClInclude Include="Learning2DEngine\UI\FontSizePair.h">
      <Filter>Header Files</Filter>
    </ClInclude>
    <ClInclude Include="Learning2DEngine\Physics\Collision.h">
      <Filter>Header Files</Filter>
    </ClInclude>
    <ClInclude Include="Learning2DEngine\Physics\BaseColliderComponent.h">
      <Filter>Header Files</Filter>
    </ClInclude>
    <ClInclude Include="Learning2DEngine\Physics\BoxColliderComponent.h">
      <Filter>Header Files</Filter>
    </ClInclude>
    <ClInclude Include="Learning2DEngine\Physics\CircleColliderComponent.h">
      <Filter>Header Files</Filter>
    </ClInclude>
    <ClInclude Include="Learning2DEngine\System\IComponentHandler.h">
      <Filter>Header Files</Filter>
    </ClInclude>
    <ClInclude Include="Learning2DEngine\Physics\BaseBoxColliderComponent.h">
      <Filter>Header Files</Filter>
    </ClInclude>
    <ClInclude Include="Learning2DEngine\Physics\BaseCircleColliderComponent.h">
      <Filter>Header Files</Filter>
    </ClInclude>
    <ClInclude Include="Learning2DEngine\Physics\ColliderComponentHandler.h">
      <Filter>Header Files</Filter>
    </ClInclude>
    <ClInclude Include="Learning2DEngine\System\BaseComponentHandler.h">
      <Filter>Header Files</Filter>
    </ClInclude>
    <ClInclude Include="Learning2DEngine\System\UpdaterComponentHandler.h">
      <Filter>Header Files</Filter>
    </ClInclude>
    <ClInclude Include="Learning2DEngine\System\LateUpdaterComponent.h">
      <Filter>Header Files</Filter>
    </ClInclude>
    <ClInclude Include="Learning2DEngine\System\BaseLateUpdaterComponent.h">
      <Filter>Header Files</Filter>
    </ClInclude>
    <ClInclude Include="Learning2DEngine\System\LateUpdaterComponentHandler.h">
      <Filter>Header Files</Filter>
    </ClInclude>
    <ClInclude Include="Learning2DEngine\DebugTool\DebugMacro.h">
      <Filter>Header Files</Filter>
    </ClInclude>
    <ClInclude Include="Learning2DEngine\System\Cursor.h">
      <Filter>Header Files</Filter>
    </ClInclude>
    <ClInclude Include="Learning2DEngine\System\ICursorRefresher.h">
      <Filter>Header Files</Filter>
    </ClInclude>
    <ClInclude Include="Learning2DEngine\EventSystem\MouseButtonEventItem.h">
      <Filter>Header Files</Filter>
    </ClInclude>
    <ClInclude Include="Learning2DEngine\EventSystem\CursorPositionEventItem.h">
      <Filter>Header Files</Filter>
    </ClInclude>
    <ClInclude Include="Learning2DEngine\EventSystem\ScrollEventItem.h">
      <Filter>Header Files</Filter>
    </ClInclude>
    <ClInclude Include="Learning2DEngine\EventSystem\CursorEnterEventItem.h">
      <Filter>Header Files</Filter>
    </ClInclude>
    <ClInclude Include="Learning2DEngine\Object\FpsShower.h">
      <Filter>Header Files</Filter>
    </ClInclude>
    <ClInclude Include="Learning2DEngine\System\GameObjectManager.h">
      <Filter>Header Files</Filter>
    </ClInclude>
    <ClInclude Include="Learning2DEngine\System\ThreadComponentHandler.h">
      <Filter>Header Files</Filter>
    </ClInclude>
    <ClInclude Include="Learning2DEngine\Render\BaseRendererComponent.h">
      <Filter>Header Files</Filter>
    </ClInclude>
    <ClInclude Include="Learning2DEngine\Render\IRenderer.h">
      <Filter>Header Files</Filter>
    </ClInclude>
    <ClInclude Include="Learning2DEngine\Render\RendererComponentHandler.h">
      <Filter>Header Files</Filter>
    </ClInclude>
    <ClInclude Include="Learning2DEngine\Render\RenderData.h">
      <Filter>Header Files</Filter>
    </ClInclude>
    <ClInclude Include="Learning2DEngine\Render\SpriteRenderData.h">
      <Filter>Header Files</Filter>
    </ClInclude>
    <ClInclude Include="Learning2DEngine\Render\MultiSpriteRenderer.h">
      <Filter>Header Files</Filter>
    </ClInclude>
    <ClInclude Include="Learning2DEngine\Render\SpriteRenderComponent.h">
      <Filter>Header Files</Filter>
    </ClInclude>
    <ClInclude Include="Learning2DEngine\UI\MultiText2DRenderer.h">
      <Filter>Header Files</Filter>
    </ClInclude>
    <ClInclude Include="Learning2DEngine\UI\Text2DRenderComponent.h">
      <Filter>Header Files</Filter>
    </ClInclude>
    <ClInclude Include="Learning2DEngine\ParticleSimulator\ParticleRenderData.h">
      <Filter>Header Files</Filter>
    </ClInclude>
    <ClInclude Include="Learning2DEngine\ParticleSimulator\ParticleRenderer.h">
      <Filter>Header Files</Filter>
    </ClInclude>
    <ClInclude Include="Learning2DEngine\ParticleSimulator\ParticleSystemComponent.h">
      <Filter>Header Files</Filter>
    </ClInclude>
    <ClInclude Include="Learning2DEngine\UI\Text2DRenderData.h">
      <Filter>Header Files</Filter>
    </ClInclude>
    <ClInclude Include="Learning2DEngine\Render\SimpleSpriteRenderer.h">
      <Filter>Header Files</Filter>
    </ClInclude>
    <ClInclude Include="Learning2DEngine\Render\SimpleSpriteRenderComponent.h">
      <Filter>Header Files</Filter>
    </ClInclude>
    <ClInclude Include="Learning2DEngine\Render\MultiSpriteDynamicData.h">
      <Filter>Header Files</Filter>
    </ClInclude>
    <ClInclude Include="Learning2DEngine\UI\Text2DDynamicData.h">
      <Filter>Header Files</Filter>
    </ClInclude>
    <ClInclude Include="Learning2DEngine\UI\SimpleText2DRenderer.h">
      <Filter>Header Files</Filter>
    </ClInclude>
    <ClInclude Include="Learning2DEngine\UI\SimpleText2DRenderComponent.h">
      <Filter>Header Files</Filter>
    </ClInclude>
    <ClInclude Include="Learning2DEngine\Physics\ColliderType.h">
      <Filter>Header Files</Filter>
    </ClInclude>
    <ClInclude Include="Learning2DEngine\Physics\ColliderMode.h">
      <Filter>Header Files</Filter>
    </ClInclude>
    <ClInclude Include="Learning2DEngine\Physics\BaseRigidbody.h">
      <Filter>Header Files</Filter>
    </ClInclude>
    <ClInclude Include="Learning2DEngine\DebugTool\DebugRenderData.h">
      <Filter>Header Files</Filter>
    </ClInclude>
    <ClInclude Include="Learning2DEngine\DebugTool\DebugBoxColliderRenderer.h">
      <Filter>Header Files</Filter>
    </ClInclude>
    <ClInclude Include="Learning2DEngine\DebugTool\DebugBoxColliderRenderComponent.h">
      <Filter>Header Files</Filter>
    </ClInclude>
    <ClInclude Include="Learning2DEngine\DebugTool\DebugCircleColliderRenderer.h">
      <Filter>Header Files</Filter>
    </ClInclude>
    <ClInclude Include="Learning2DEngine\DebugTool\DebugCircleColliderRenderComponent.h">
      <Filter>Header Files</Filter>
    </ClInclude>
    <ClInclude Include="Learning2DEngine\Render\BaseColorDynamicData.h">
      <Filter>Header Files</Filter>
    </ClInclude>
    <ClInclude Include="Learning2DEngine\Animator\AnimationFrame.h">
      <Filter>Header Files</Filter>
    </ClInclude>
    <ClInclude Include="Learning2DEngine\Animator\AnimationController.h">
      <Filter>Header Files</Filter>
    </ClInclude>
    <ClInclude Include="Learning2DEngine\Render\Texture2DContainer.h">
      <Filter>Header Files</Filter>
    </ClInclude>
    <ClInclude Include="Learning2DEngine\System\Time.h">
      <Filter>Header Files</Filter>
    </ClInclude>
    <ClInclude Include="Learning2DEngine\Render\BaseRenderer.h">
      <Filter>Header Files</Filter>
    </ClInclude>
    <ClInclude Include="Learning2DEngine\Render\BaseMultiRenderer.h">
      <Filter>Header Files</Filter>
    </ClInclude>
    <ClInclude Include="Learning2DEngine\DebugTool\DebugColliderRenderer.h">
      <Filter>Header Files</Filter>
    </ClInclude>
    <ClInclude Include="Learning2DEngine\Render\RendererComponent.h">
      <Filter>Header Files</Filter>
    </ClInclude>
    <ClInclude Include="Learning2DEngine\Render\RendererMode.h">
      <Filter>Header Files</Filter>
    </ClInclude>
    <ClInclude Include="Learning2DEngine\UI\TextBoxComponent.h">
      <Filter>Header Files</Filter>
    </ClInclude>
    <ClInclude Include="Learning2DEngine\UI\TextBoxMode.h">
      <Filter>Header Files</Filter>
    </ClInclude>
    <ClInclude Include="Learning2DEngine\DebugTool\DebugPosition.h">
      <Filter>Header Files</Filter>
    </ClInclude>
    <ClInclude Include="Learning2DEngine\Render\UVTexture2DContainer.h">
      <Filter>Header Files</Filter>
    </ClInclude>
    <ClInclude Include="Learning2DEngine\System\Math.h">
      <Filter>Header Files</Filter>
    </ClInclude>
    <ClInclude Include="Learning2DEngine\Render\WindowType.h">
      <Filter>Header Files</Filter>
    </ClInclude>
    <ClInclude Include="Learning2DEngine\Editor\TiledMapLoader.h">
      <Filter>Header Files</Filter>
    </ClInclude>
    <ClInclude Include="Learning2DEngine\Editor\TiledMap.h">
      <Filter>Header Files</Filter>
    </ClInclude>
    <ClInclude Include="Learning2DEngine\Editor\TiledMapConstant.h">
      <Filter>Header Files</Filter>
    </ClInclude>
    <ClInclude Include="Learning2DEngine\Editor\TiledMapTileset.h">
      <Filter>Header Files</Filter>
    </ClInclude>
    <ClInclude Include="Learning2DEngine\System\PropertyType.h">
      <Filter>Header Files</Filter>
    </ClInclude>
    <ClInclude Include="Learning2DEngine\System\Property.h">
      <Filter>Header Files</Filter>
    </ClInclude>
    <ClInclude Include="Learning2DEngine\System\PropertyComponent.h">
      <Filter>Header Files</Filter>
    </ClInclude>
    <ClInclude Include="Learning2DEngine\Editor\ObjectType.h">
      <Filter>Header Files</Filter>
    </ClInclude>
    <ClInclude Include="Learning2DEngine\Editor\BaseObjectData.h">
      <Filter>Header Files</Filter>
    </ClInclude>
    <ClInclude Include="Learning2DEngine\Editor\ObjectPoint.h">
      <Filter>Header Files</Filter>
    </ClInclude>
    <ClInclude Include="Learning2DEngine\Editor\ObjectBox.h">
      <Filter>Header Files</Filter>
    </ClInclude>
    <ClInclude Include="Learning2DEngine\Editor\ObjectEllipse.h">
      <Filter>Header Files</Filter>
    </ClInclude>
    <ClInclude Include="Learning2DEngine\Editor\ObjectImage.h">
      <Filter>Header Files</Filter>
    </ClInclude>
    <ClInclude Include="Learning2DEngine\Editor\ObjectItem.h">
      <Filter>Header Files</Filter>
    </ClInclude>
    <ClInclude Include="Learning2DEngine\Editor\BaseLayerItemData.h">
      <Filter>Header Files</Filter>
    </ClInclude>
    <ClInclude Include="Learning2DEngine\Editor\LayerItemData.h">
      <Filter>Header Files</Filter>
    </ClInclude>
    <ClInclude Include="Learning2DEngine\Editor\ObjectLayerItemData.h">
      <Filter>Header Files</Filter>
    </ClInclude>
  </ItemGroup>
</Project>